
Microsoft Visual Studio Solution File, Format Version 12.00
# Visual Studio 15
VisualStudioVersion = 15.0.27130.2003
MinimumVisualStudioVersion = 10.0.40219.1
Project("{FAE04EC0-301F-11D3-BF4B-00C04F79EFBC}") = "Document", "Document\Document.csproj", "{4741B198-2FE5-4D34-B3AB-E44B57F07EF4}"
EndProject
Global
	GlobalSection(SolutionConfigurationPlatforms) = preSolution
		Debug|Any CPU = Debug|Any CPU
		Release|Any CPU = Release|Any CPU
	EndGlobalSection
	GlobalSection(ProjectConfigurationPlatforms) = postSolution
		{4741B198-2FE5-4D34-B3AB-E44B57F07EF4}.Debug|Any CPU.ActiveCfg = Debug|Any CPU
		{4741B198-2FE5-4D34-B3AB-E44B57F07EF4}.Debug|Any CPU.Build.0 = Debug|Any CPU
		{4741B198-2FE5-4D34-B3AB-E44B57F07EF4}.Release|Any CPU.ActiveCfg = Release|Any CPU
		{4741B198-2FE5-4D34-B3AB-E44B57F07EF4}.Release|Any CPU.Build.0 = Release|Any CPU
	EndGlobalSection
	GlobalSection(SolutionProperties) = preSolution
		HideSolutionNode = FALSE
	EndGlobalSection
	GlobalSection(ExtensibilityGlobals) = postSolution
		SolutionGuid = {A4506E03-B16C-4CCE-98C0-FB3E27F5F498}
	EndGlobalSection
EndGlobal
